
Microsoft Visual Studio Solution File, Format Version 12.00
# Visual Studio Version 16
VisualStudioVersion = 16.0.30204.135
MinimumVisualStudioVersion = 15.0.26124.0
Project("{9A19103F-16F7-4668-BE54-9A1E7A4F7556}") = "Nonogram", "Nonogram\Nonogram.csproj", "{1111C286-E622-45C4-9D24-6D96A9EAD49C}"
EndProject
Global
	GlobalSection(SolutionConfigurationPlatforms) = preSolution
		Debug|Any CPU = Debug|Any CPU
		Release|Any CPU = Release|Any CPU
	EndGlobalSection
	GlobalSection(ProjectConfigurationPlatforms) = postSolution
		{1111C286-E622-45C4-9D24-6D96A9EAD49C}.Debug|Any CPU.ActiveCfg = Debug|Any CPU
		{1111C286-E622-45C4-9D24-6D96A9EAD49C}.Debug|Any CPU.Build.0 = Debug|Any CPU
		{1111C286-E622-45C4-9D24-6D96A9EAD49C}.Release|Any CPU.ActiveCfg = Release|Any CPU
		{1111C286-E622-45C4-9D24-6D96A9EAD49C}.Release|Any CPU.Build.0 = Release|Any CPU
	EndGlobalSection
	GlobalSection(SolutionProperties) = preSolution
		HideSolutionNode = FALSE
	EndGlobalSection
	GlobalSection(ExtensibilityGlobals) = postSolution
		SolutionGuid = {5F2F193A-8AC3-47BB-8456-BFC6CB3B3687}
	EndGlobalSection
EndGlobal
