
Microsoft Visual Studio Solution File, Format Version 12.00
# Visual Studio Version 16
VisualStudioVersion = 16.0.30309.148
MinimumVisualStudioVersion = 10.0.40219.1
Project("{9A19103F-16F7-4668-BE54-9A1E7A4F7556}") = "Nonogram", "Nonogram\Nonogram.csproj", "{BF4B1A51-CF6E-469B-9E25-2526014D32CE}"
EndProject
Global
	GlobalSection(SolutionConfigurationPlatforms) = preSolution
		Debug|Any CPU = Debug|Any CPU
		Release|Any CPU = Release|Any CPU
	EndGlobalSection
	GlobalSection(ProjectConfigurationPlatforms) = postSolution
		{BF4B1A51-CF6E-469B-9E25-2526014D32CE}.Debug|Any CPU.ActiveCfg = Debug|Any CPU
		{BF4B1A51-CF6E-469B-9E25-2526014D32CE}.Debug|Any CPU.Build.0 = Debug|Any CPU
		{BF4B1A51-CF6E-469B-9E25-2526014D32CE}.Release|Any CPU.ActiveCfg = Release|Any CPU
		{BF4B1A51-CF6E-469B-9E25-2526014D32CE}.Release|Any CPU.Build.0 = Release|Any CPU
	EndGlobalSection
	GlobalSection(SolutionProperties) = preSolution
		HideSolutionNode = FALSE
	EndGlobalSection
	GlobalSection(ExtensibilityGlobals) = postSolution
		SolutionGuid = {F6FD9FB2-9649-4EA6-A559-69C098A74775}
	EndGlobalSection
EndGlobal
